
Microsoft Visual Studio Solution File, Format Version 12.00
# Visual Studio 2012
Project("{FAE04EC0-301F-11D3-BF4B-00C04F79EFBC}") = "Xaml Serializer", "Xaml Serializer\Xaml Serializer.csproj", "{87BAFA48-E72D-4B7F-BD3C-CA1A56310FA2}"
EndProject
Global
	GlobalSection(SolutionConfigurationPlatforms) = preSolution
		Debug|Any CPU = Debug|Any CPU
		Release|Any CPU = Release|Any CPU
	EndGlobalSection
	GlobalSection(ProjectConfigurationPlatforms) = postSolution
		{87BAFA48-E72D-4B7F-BD3C-CA1A56310FA2}.Debug|Any CPU.ActiveCfg = Debug|Any CPU
		{87BAFA48-E72D-4B7F-BD3C-CA1A56310FA2}.Debug|Any CPU.Build.0 = Debug|Any CPU
		{87BAFA48-E72D-4B7F-BD3C-CA1A56310FA2}.Release|Any CPU.ActiveCfg = Release|Any CPU
		{87BAFA48-E72D-4B7F-BD3C-CA1A56310FA2}.Release|Any CPU.Build.0 = Release|Any CPU
	EndGlobalSection
	GlobalSection(SolutionProperties) = preSolution
		HideSolutionNode = FALSE
	EndGlobalSection
EndGlobal
