
Microsoft Visual Studio Solution File, Format Version 12.00
# Visual Studio 2012
Project("{FAE04EC0-301F-11D3-BF4B-00C04F79EFBC}") = "Oracle 11g In CSharp", "Oracle 11g In CSharp\Oracle 11g In CSharp.csproj", "{8A1D58C6-87C9-4563-8035-C727EB98743C}"
EndProject
Global
	GlobalSection(SolutionConfigurationPlatforms) = preSolution
		Debug|Any CPU = Debug|Any CPU
		Release|Any CPU = Release|Any CPU
	EndGlobalSection
	GlobalSection(ProjectConfigurationPlatforms) = postSolution
		{8A1D58C6-87C9-4563-8035-C727EB98743C}.Debug|Any CPU.ActiveCfg = Debug|Any CPU
		{8A1D58C6-87C9-4563-8035-C727EB98743C}.Debug|Any CPU.Build.0 = Debug|Any CPU
		{8A1D58C6-87C9-4563-8035-C727EB98743C}.Release|Any CPU.ActiveCfg = Release|Any CPU
		{8A1D58C6-87C9-4563-8035-C727EB98743C}.Release|Any CPU.Build.0 = Release|Any CPU
	EndGlobalSection
	GlobalSection(SolutionProperties) = preSolution
		HideSolutionNode = FALSE
	EndGlobalSection
EndGlobal
