
Microsoft Visual Studio Solution File, Format Version 12.00
# Visual Studio 2012
Project("{FAE04EC0-301F-11D3-BF4B-00C04F79EFBC}") = "Printer Opertion In C Sharp", "Printer Opertion In C Sharp\Printer Opertion In C Sharp.csproj", "{E6E98D8C-BF87-47B9-B2BD-A5623D466227}"
EndProject
Global
	GlobalSection(SolutionConfigurationPlatforms) = preSolution
		Debug|Any CPU = Debug|Any CPU
		Release|Any CPU = Release|Any CPU
	EndGlobalSection
	GlobalSection(ProjectConfigurationPlatforms) = postSolution
		{E6E98D8C-BF87-47B9-B2BD-A5623D466227}.Debug|Any CPU.ActiveCfg = Debug|Any CPU
		{E6E98D8C-BF87-47B9-B2BD-A5623D466227}.Debug|Any CPU.Build.0 = Debug|Any CPU
		{E6E98D8C-BF87-47B9-B2BD-A5623D466227}.Release|Any CPU.ActiveCfg = Release|Any CPU
		{E6E98D8C-BF87-47B9-B2BD-A5623D466227}.Release|Any CPU.Build.0 = Release|Any CPU
	EndGlobalSection
	GlobalSection(SolutionProperties) = preSolution
		HideSolutionNode = FALSE
	EndGlobalSection
EndGlobal
